{
  "originHash" : "fe7bb9018e58f89a91ed2c1c1ebc9e14ffe00e0a669833efb7eb4296423ef3f0",
  "pins" : [
    {
      "identity" : "lambdaspire-swift-abstractions",
      "kind" : "remoteSourceControl",
      "location" : "https://github.com/Lambdaspire/Lambdaspire-Swift-Abstractions",
      "state" : {
        "revision" : "304fb68a55c3442669334ba7785c217f57d109b7",
        "version" : "1.0.0"
      }
    }
  ],
  "version" : 3
}
