{
  "originHash" : "6f45a75460c849067f83e3294036705a0461819d14d115c0252222b90de7e887",
  "pins" : [
    {
      "identity" : "lambdaspire-swift-abstractions",
      "kind" : "remoteSourceControl",
      "location" : "https://github.com/Lambdaspire/Lambdaspire-Swift-Abstractions",
      "state" : {
        "revision" : "b5d8bf41df8ea16866f6a5e9a015cca259b87fc9",
        "version" : "2.0.0"
      }
    }
  ],
  "version" : 3
}
